
Microsoft Visual Studio Solution File, Format Version 11.00
# Visual C++ Express 2010
Project("{8BC9CEB8-8B4A-11D0-8D11-00A0C91BC942}") = "Projecto POO", "Projecto POO\Projecto POO.vcxproj", "{E73F6488-D9A6-405F-8740-34D3FB34035E}"
EndProject
Global
	GlobalSection(SolutionConfigurationPlatforms) = preSolution
		Debug|Win32 = Debug|Win32
		Release|Win32 = Release|Win32
	EndGlobalSection
	GlobalSection(ProjectConfigurationPlatforms) = postSolution
		{E73F6488-D9A6-405F-8740-34D3FB34035E}.Debug|Win32.ActiveCfg = Debug|Win32
		{E73F6488-D9A6-405F-8740-34D3FB34035E}.Debug|Win32.Build.0 = Debug|Win32
		{E73F6488-D9A6-405F-8740-34D3FB34035E}.Release|Win32.ActiveCfg = Release|Win32
		{E73F6488-D9A6-405F-8740-34D3FB34035E}.Release|Win32.Build.0 = Release|Win32
	EndGlobalSection
	GlobalSection(SolutionProperties) = preSolution
		HideSolutionNode = FALSE
	EndGlobalSection
EndGlobal
